// !$*UTF8*$!
{
	archiveVersion = 1;
	classes = {
	};
	objectVersion = 46;
	objects = {

/* Begin PBXBuildFile section */
		772C66932DDA214A80B2AFFD /* mamifero.swift in Sources */ = {isa = PBXBuildFile; fileRef = 772C611ABCB631B57C2DDA90 /* mamifero.swift */; };
		772C680A733CF02D1DCE2192 /* animal.swift in Sources */ = {isa = PBXBuildFile; fileRef = 772C6C6C1097C8F52852260D /* animal.swift */; };
		772C6836647302D2D7CCC3FA /* ave.swift in Sources */ = {isa = PBXBuildFile; fileRef = 772C6157C8330608109D0FDC /* ave.swift */; };
		772C6DFB1352AA0DF4C0B8A5 /* fabricona.swift in Sources */ = {isa = PBXBuildFile; fileRef = 772C62881286D60F4AB2F188 /* fabricona.swift */; };
		772C6F61A6CED695B2E55513 /* main.swift in Sources */ = {isa = PBXBuildFile; fileRef = 772C6D2ABD133F8663F1BC3F /* main.swift */; };
/* End PBXBuildFile section */

/* Begin PBXCopyFilesBuildPhase section */
		772C668003C30B0AF215AAE4 /* CopyFiles */ = {
			isa = PBXCopyFilesBuildPhase;
			buildActionMask = 2147483647;
			dstPath = /usr/share/man/man1/;
			dstSubfolderSpec = 0;
			files = (
			);
			runOnlyForDeploymentPostprocessing = 1;
		};
/* End PBXCopyFilesBuildPhase section */

/* Begin PBXFileReference section */
		772C611ABCB631B57C2DDA90 /* mamifero.swift */ = {isa = PBXFileReference; fileEncoding = 4; lastKnownFileType = sourcecode.swift; path = mamifero.swift; sourceTree = "<group>"; };
		772C6157C8330608109D0FDC /* ave.swift */ = {isa = PBXFileReference; fileEncoding = 4; lastKnownFileType = sourcecode.swift; path = ave.swift; sourceTree = "<group>"; };
		772C62881286D60F4AB2F188 /* fabricona.swift */ = {isa = PBXFileReference; fileEncoding = 4; lastKnownFileType = sourcecode.swift; path = fabricona.swift; sourceTree = "<group>"; };
		772C63A889EDA2BBC0F9DB58 /* fabricaAnimal */ = {isa = PBXFileReference; explicitFileType = "compiled.mach-o.executable"; includeInIndex = 0; path = fabricaAnimal; sourceTree = BUILT_PRODUCTS_DIR; };
		772C6C6C1097C8F52852260D /* animal.swift */ = {isa = PBXFileReference; fileEncoding = 4; lastKnownFileType = sourcecode.swift; path = animal.swift; sourceTree = "<group>"; };
		772C6D2ABD133F8663F1BC3F /* main.swift */ = {isa = PBXFileReference; lastKnownFileType = sourcecode.swift; path = main.swift; sourceTree = "<group>"; };
/* End PBXFileReference section */

/* Begin PBXFrameworksBuildPhase section */
		772C6EB4E8F319531C9C2934 /* Frameworks */ = {
			isa = PBXFrameworksBuildPhase;
			buildActionMask = 2147483647;
			files = (
			);
			runOnlyForDeploymentPostprocessing = 0;
		};
/* End PBXFrameworksBuildPhase section */

/* Begin PBXGroup section */
		772C62A904646627A862703E /* Products */ = {
			isa = PBXGroup;
			children = (
				772C63A889EDA2BBC0F9DB58 /* fabricaAnimal */,
			);
			name = Products;
			sourceTree = "<group>";
		};
		772C67CB11B12B5FFE8B1097 = {
			isa = PBXGroup;
			children = (
				772C62A904646627A862703E /* Products */,
				772C6CADC0625691EB5C69DF /* fabricaAnimal */,
			);
			sourceTree = "<group>";
		};
		772C6CADC0625691EB5C69DF /* fabricaAnimal */ = {
			isa = PBXGroup;
			children = (
				772C6D2ABD133F8663F1BC3F /* main.swift */,
				772C6C6C1097C8F52852260D /* animal.swift */,
				772C611ABCB631B57C2DDA90 /* mamifero.swift */,
				772C6157C8330608109D0FDC /* ave.swift */,
				772C62881286D60F4AB2F188 /* fabricona.swift */,
			);
			path = fabricaAnimal;
			sourceTree = "<group>";
		};
/* End PBXGroup section */

/* Begin PBXNativeTarget section */
		772C68371971B5F55481D905 /* fabricaAnimal */ = {
			isa = PBXNativeTarget;
			buildConfigurationList = 772C686FC38F64418C78B7B7 /* Build configuration list for PBXNativeTarget "fabricaAnimal" */;
			buildPhases = (
				772C68B5DACAD35E7B064EA6 /* Sources */,
				772C6EB4E8F319531C9C2934 /* Frameworks */,
				772C668003C30B0AF215AAE4 /* CopyFiles */,
			);
			buildRules = (
			);
			dependencies = (
			);
			name = fabricaAnimal;
			productName = fabricaAnimal;
			productReference = 772C63A889EDA2BBC0F9DB58 /* fabricaAnimal */;
			productType = "com.apple.product-type.tool";
		};
/* End PBXNativeTarget section */

/* Begin PBXProject section */
		772C60C37E97AFD48670B8FF /* Project object */ = {
			isa = PBXProject;
			buildConfigurationList = 772C61D7D6E9F71970D7592B /* Build configuration list for PBXProject "fabricaAnimal" */;
			compatibilityVersion = "Xcode 3.2";
			developmentRegion = English;
			hasScannedForEncodings = 0;
			knownRegions = (
				en,
			);
			mainGroup = 772C67CB11B12B5FFE8B1097;
			productRefGroup = 772C62A904646627A862703E /* Products */;
			projectDirPath = "";
			projectRoot = "";
			targets = (
				772C68371971B5F55481D905 /* fabricaAnimal */,
			);
		};
/* End PBXProject section */

/* Begin PBXSourcesBuildPhase section */
		772C68B5DACAD35E7B064EA6 /* Sources */ = {
			isa = PBXSourcesBuildPhase;
			buildActionMask = 2147483647;
			files = (
				772C6F61A6CED695B2E55513 /* main.swift in Sources */,
				772C680A733CF02D1DCE2192 /* animal.swift in Sources */,
				772C66932DDA214A80B2AFFD /* mamifero.swift in Sources */,
				772C6836647302D2D7CCC3FA /* ave.swift in Sources */,
				772C6DFB1352AA0DF4C0B8A5 /* fabricona.swift in Sources */,
			);
			runOnlyForDeploymentPostprocessing = 0;
		};
/* End PBXSourcesBuildPhase section */

/* Begin XCBuildConfiguration section */
		772C62C3354BC89A13C5D622 /* Debug */ = {
			isa = XCBuildConfiguration;
			buildSettings = {
				ALWAYS_SEARCH_USER_PATHS = NO;
				CLANG_ANALYZER_NONNULL = YES;
				CLANG_ANALYZER_NUMBER_OBJECT_CONVERSION = YES_AGGRESSIVE;
				CLANG_CXX_LANGUAGE_STANDARD = "gnu++20";
				CLANG_ENABLE_MODULES = YES;
				CLANG_ENABLE_OBJC_ARC = YES;
				CLANG_ENABLE_OBJC_WEAK = YES;
				CLANG_WARN_BLOCK_CAPTURE_AUTORELEASING = YES;
				CLANG_WARN_BOOL_CONVERSION = YES;
				CLANG_WARN_COMMA = YES;
				CLANG_WARN_CONSTANT_CONVERSION = YES;
				CLANG_WARN_DEPRECATED_OBJC_IMPLEMENTATIONS = YES;
				CLANG_WARN_DIRECT_OBJC_ISA_USAGE = YES_ERROR;
				CLANG_WARN_DOCUMENTATION_COMMENTS = YES;
				CLANG_WARN_EMPTY_BODY = YES;
				CLANG_WARN_ENUM_CONVERSION = YES;
				CLANG_WARN_INFINITE_RECURSION = YES;
				CLANG_WARN_INT_CONVERSION = YES;
				CLANG_WARN_NON_LITERAL_NULL_CONVERSION = YES;
				CLANG_WARN_OBJC_IMPLICIT_RETAIN_SELF = YES;
				CLANG_WARN_OBJC_LITERAL_CONVERSION = YES;
				CLANG_WARN_OBJC_ROOT_CLASS = YES_ERROR;
				CLANG_WARN_QUOTED_INCLUDE_IN_FRAMEWORK_HEADER = YES;
				CLANG_WARN_RANGE_LOOP_ANALYSIS = YES;
				CLANG_WARN_STRICT_PROTOTYPES = YES;
				CLANG_WARN_SUSPICIOUS_MOVE = YES;
				CLANG_WARN_UNGUARDED_AVAILABILITY = YES_AGGRESSIVE;
				CLANG_WARN_UNREACHABLE_CODE = YES;
				CLANG_WARN__DUPLICATE_METHOD_MATCH = YES;
				COPY_PHASE_STRIP = NO;
				DEBUG_INFORMATION_FORMAT = dwarf;
				ENABLE_STRICT_OBJC_MSGSEND = YES;
				ENABLE_TESTABILITY = YES;
				GCC_C_LANGUAGE_STANDARD = gnu11;
				GCC_DYNAMIC_NO_PIC = NO;
				GCC_NO_COMMON_BLOCKS = YES;
				GCC_OPTIMIZATION_LEVEL = 0;
				GCC_PREPROCESSOR_DEFINITIONS = (
					"DEBUG=1",
					"$(inherited)",
				);
				GCC_WARN_64_TO_32_BIT_CONVERSION = YES;
				GCC_WARN_ABOUT_RETURN_TYPE = YES_ERROR;
				GCC_WARN_UNDECLARED_SELECTOR = YES;
				GCC_WARN_UNINITIALIZED_AUTOS = YES_AGGRESSIVE;
				GCC_WARN_UNUSED_FUNCTION = YES;
				GCC_WARN_UNUSED_VARIABLE = YES;
				MACOSX_DEPLOYMENT_TARGET = 12.6;
				MTL_ENABLE_DEBUG_INFO = INCLUDE_SOURCE;
				MTL_FAST_MATH = YES;
				ONLY_ACTIVE_ARCH = YES;
				SDKROOT = macosx;
				SWIFT_ACTIVE_COMPILATION_CONDITIONS = DEBUG;
				SWIFT_OPTIMIZATION_LEVEL = "-Onone";
			};
			name = Debug;
		};
		772C66F14133717A8CFEDEA0 /* Debug */ = {
			isa = XCBuildConfiguration;
			buildSettings = {
				PRODUCT_NAME = "$(TARGET_NAME)";
				SWIFT_VERSION = 5.0;
			};
			name = Debug;
		};
		772C6B8CCDD957B109426326 /* Release */ = {
			isa = XCBuildConfiguration;
			buildSettings = {
				PRODUCT_NAME = "$(TARGET_NAME)";
				SWIFT_VERSION = 5.0;
			};
			name = Release;
		};
		772C6EF73B196288DCB09519 /* Release */ = {
			isa = XCBuildConfiguration;
			buildSettings = {
				ALWAYS_SEARCH_USER_PATHS = NO;
				CLANG_ANALYZER_NONNULL = YES;
				CLANG_ANALYZER_NUMBER_OBJECT_CONVERSION = YES_AGGRESSIVE;
				CLANG_CXX_LANGUAGE_STANDARD = "gnu++20";
				CLANG_ENABLE_MODULES = YES;
				CLANG_ENABLE_OBJC_ARC = YES;
				CLANG_ENABLE_OBJC_WEAK = YES;
				CLANG_WARN_BLOCK_CAPTURE_AUTORELEASING = YES;
				CLANG_WARN_BOOL_CONVERSION = YES;
				CLANG_WARN_COMMA = YES;
				CLANG_WARN_CONSTANT_CONVERSION = YES;
				CLANG_WARN_DEPRECATED_OBJC_IMPLEMENTATIONS = YES;
				CLANG_WARN_DIRECT_OBJC_ISA_USAGE = YES_ERROR;
				CLANG_WARN_DOCUMENTATION_COMMENTS = YES;
				CLANG_WARN_EMPTY_BODY = YES;
				CLANG_WARN_ENUM_CONVERSION = YES;
				CLANG_WARN_INFINITE_RECURSION = YES;
				CLANG_WARN_INT_CONVERSION = YES;
				CLANG_WARN_NON_LITERAL_NULL_CONVERSION = YES;
				CLANG_WARN_OBJC_IMPLICIT_RETAIN_SELF = YES;
				CLANG_WARN_OBJC_LITERAL_CONVERSION = YES;
				CLANG_WARN_OBJC_ROOT_CLASS = YES_ERROR;
				CLANG_WARN_QUOTED_INCLUDE_IN_FRAMEWORK_HEADER = YES;
				CLANG_WARN_RANGE_LOOP_ANALYSIS = YES;
				CLANG_WARN_STRICT_PROTOTYPES = YES;
				CLANG_WARN_SUSPICIOUS_MOVE = YES;
				CLANG_WARN_UNGUARDED_AVAILABILITY = YES_AGGRESSIVE;
				CLANG_WARN_UNREACHABLE_CODE = YES;
				CLANG_WARN__DUPLICATE_METHOD_MATCH = YES;
				COPY_PHASE_STRIP = NO;
				DEBUG_INFORMATION_FORMAT = "dwarf-with-dsym";
				ENABLE_NS_ASSERTIONS = NO;
				ENABLE_STRICT_OBJC_MSGSEND = YES;
				GCC_C_LANGUAGE_STANDARD = gnu11;
				GCC_NO_COMMON_BLOCKS = YES;
				GCC_WARN_64_TO_32_BIT_CONVERSION = YES;
				GCC_WARN_ABOUT_RETURN_TYPE = YES_ERROR;
				GCC_WARN_UNDECLARED_SELECTOR = YES;
				GCC_WARN_UNINITIALIZED_AUTOS = YES_AGGRESSIVE;
				GCC_WARN_UNUSED_FUNCTION = YES;
				GCC_WARN_UNUSED_VARIABLE = YES;
				MACOSX_DEPLOYMENT_TARGET = 12.6;
				MTL_ENABLE_DEBUG_INFO = NO;
				MTL_FAST_MATH = YES;
				SDKROOT = macosx;
				SWIFT_COMPILATION_MODE = wholemodule;
				SWIFT_OPTIMIZATION_LEVEL = "-O";
			};
			name = Release;
		};
/* End XCBuildConfiguration section */

/* Begin XCConfigurationList section */
		772C61D7D6E9F71970D7592B /* Build configuration list for PBXProject "fabricaAnimal" */ = {
			isa = XCConfigurationList;
			buildConfigurations = (
				772C62C3354BC89A13C5D622 /* Debug */,
				772C6EF73B196288DCB09519 /* Release */,
			);
			defaultConfigurationIsVisible = 0;
			defaultConfigurationName = Release;
		};
		772C686FC38F64418C78B7B7 /* Build configuration list for PBXNativeTarget "fabricaAnimal" */ = {
			isa = XCConfigurationList;
			buildConfigurations = (
				772C66F14133717A8CFEDEA0 /* Debug */,
				772C6B8CCDD957B109426326 /* Release */,
			);
			defaultConfigurationIsVisible = 0;
		};
/* End XCConfigurationList section */
	};
	rootObject = 772C60C37E97AFD48670B8FF /* Project object */;
}
